
Microsoft Visual Studio Solution File, Format Version 12.00
# Visual Studio Version 17
VisualStudioVersion = 17.0.31903.59
MinimumVisualStudioVersion = 10.0.40219.1
Project("{2150E333-8FDC-42A3-9474-1A3956D46DE8}") = "src", "src", "{827E0CD3-B72D-47B6-A68D-7590B98EB39B}"
EndProject
Project("{FAE04EC0-301F-11D3-BF4B-00C04F79EFBC}") = "CleanArch.Domain", "src\CleanArch.Domain\CleanArch.Domain.csproj", "{CD7B2CBB-4A13-4B92-9E6D-9B012F38F8F4}"
EndProject
Project("{FAE04EC0-301F-11D3-BF4B-00C04F79EFBC}") = "CleanArch.Application", "src\CleanArch.Application\CleanArch.Application.csproj", "{027909E8-1791-4D9E-88E5-A6A9E5D9B054}"
EndProject
Project("{FAE04EC0-301F-11D3-BF4B-00C04F79EFBC}") = "CleanArch.Infrastructure", "src\CleanArch.Infrastructure\CleanArch.Infrastructure.csproj", "{B4628F6B-443D-4579-988D-27B7C22BB18C}"
EndProject
Project("{FAE04EC0-301F-11D3-BF4B-00C04F79EFBC}") = "CleanArch.Api", "src\CleanArch.Api\CleanArch.Api.csproj", "{CA3E7163-00BF-458E-9424-7D8A2B433FDF}"
EndProject
Project("{2150E333-8FDC-42A3-9474-1A3956D46DE8}") = "tests", "tests", "{0AB3BF05-4346-4AA6-1389-037BE0695223}"
EndProject
Project("{FAE04EC0-301F-11D3-BF4B-00C04F79EFBC}") = "CleanArch.Domain.Tests", "tests\CleanArch.Domain.Tests\CleanArch.Domain.Tests.csproj", "{D3D4F422-4A80-4F71-B192-38CDDE20C414}"
EndProject
Project("{FAE04EC0-301F-11D3-BF4B-00C04F79EFBC}") = "CleanArch.Application.Tests", "tests\CleanArch.Application.Tests\CleanArch.Application.Tests.csproj", "{A5FBA377-5932-4DF4-AA3C-10E64DF2A6E2}"
EndProject
Global
	GlobalSection(SolutionConfigurationPlatforms) = preSolution
		Debug|Any CPU = Debug|Any CPU
		Debug|x64 = Debug|x64
		Debug|x86 = Debug|x86
		Release|Any CPU = Release|Any CPU
		Release|x64 = Release|x64
		Release|x86 = Release|x86
	EndGlobalSection
	GlobalSection(ProjectConfigurationPlatforms) = postSolution
		{CD7B2CBB-4A13-4B92-9E6D-9B012F38F8F4}.Debug|Any CPU.ActiveCfg = Debug|Any CPU
		{CD7B2CBB-4A13-4B92-9E6D-9B012F38F8F4}.Debug|Any CPU.Build.0 = Debug|Any CPU
		{CD7B2CBB-4A13-4B92-9E6D-9B012F38F8F4}.Debug|x64.ActiveCfg = Debug|Any CPU
		{CD7B2CBB-4A13-4B92-9E6D-9B012F38F8F4}.Debug|x64.Build.0 = Debug|Any CPU
		{CD7B2CBB-4A13-4B92-9E6D-9B012F38F8F4}.Debug|x86.ActiveCfg = Debug|Any CPU
		{CD7B2CBB-4A13-4B92-9E6D-9B012F38F8F4}.Debug|x86.Build.0 = Debug|Any CPU
		{CD7B2CBB-4A13-4B92-9E6D-9B012F38F8F4}.Release|Any CPU.ActiveCfg = Release|Any CPU
		{CD7B2CBB-4A13-4B92-9E6D-9B012F38F8F4}.Release|Any CPU.Build.0 = Release|Any CPU
		{CD7B2CBB-4A13-4B92-9E6D-9B012F38F8F4}.Release|x64.ActiveCfg = Release|Any CPU
		{CD7B2CBB-4A13-4B92-9E6D-9B012F38F8F4}.Release|x64.Build.0 = Release|Any CPU
		{CD7B2CBB-4A13-4B92-9E6D-9B012F38F8F4}.Release|x86.ActiveCfg = Release|Any CPU
		{CD7B2CBB-4A13-4B92-9E6D-9B012F38F8F4}.Release|x86.Build.0 = Release|Any CPU
		{027909E8-1791-4D9E-88E5-A6A9E5D9B054}.Debug|Any CPU.ActiveCfg = Debug|Any CPU
		{027909E8-1791-4D9E-88E5-A6A9E5D9B054}.Debug|Any CPU.Build.0 = Debug|Any CPU
		{027909E8-1791-4D9E-88E5-A6A9E5D9B054}.Debug|x64.ActiveCfg = Debug|Any CPU
		{027909E8-1791-4D9E-88E5-A6A9E5D9B054}.Debug|x64.Build.0 = Debug|Any CPU
		{027909E8-1791-4D9E-88E5-A6A9E5D9B054}.Debug|x86.ActiveCfg = Debug|Any CPU
		{027909E8-1791-4D9E-88E5-A6A9E5D9B054}.Debug|x86.Build.0 = Debug|Any CPU
		{027909E8-1791-4D9E-88E5-A6A9E5D9B054}.Release|Any CPU.ActiveCfg = Release|Any CPU
		{027909E8-1791-4D9E-88E5-A6A9E5D9B054}.Release|Any CPU.Build.0 = Release|Any CPU
		{027909E8-1791-4D9E-88E5-A6A9E5D9B054}.Release|x64.ActiveCfg = Release|Any CPU
		{027909E8-1791-4D9E-88E5-A6A9E5D9B054}.Release|x64.Build.0 = Release|Any CPU
		{027909E8-1791-4D9E-88E5-A6A9E5D9B054}.Release|x86.ActiveCfg = Release|Any CPU
		{027909E8-1791-4D9E-88E5-A6A9E5D9B054}.Release|x86.Build.0 = Release|Any CPU
		{B4628F6B-443D-4579-988D-27B7C22BB18C}.Debug|Any CPU.ActiveCfg = Debug|Any CPU
		{B4628F6B-443D-4579-988D-27B7C22BB18C}.Debug|Any CPU.Build.0 = Debug|Any CPU
		{B4628F6B-443D-4579-988D-27B7C22BB18C}.Debug|x64.ActiveCfg = Debug|Any CPU
		{B4628F6B-443D-4579-988D-27B7C22BB18C}.Debug|x64.Build.0 = Debug|Any CPU
		{B4628F6B-443D-4579-988D-27B7C22BB18C}.Debug|x86.ActiveCfg = Debug|Any CPU
		{B4628F6B-443D-4579-988D-27B7C22BB18C}.Debug|x86.Build.0 = Debug|Any CPU
		{B4628F6B-443D-4579-988D-27B7C22BB18C}.Release|Any CPU.ActiveCfg = Release|Any CPU
		{B4628F6B-443D-4579-988D-27B7C22BB18C}.Release|Any CPU.Build.0 = Release|Any CPU
		{B4628F6B-443D-4579-988D-27B7C22BB18C}.Release|x64.ActiveCfg = Release|Any CPU
		{B4628F6B-443D-4579-988D-27B7C22BB18C}.Release|x64.Build.0 = Release|Any CPU
		{B4628F6B-443D-4579-988D-27B7C22BB18C}.Release|x86.ActiveCfg = Release|Any CPU
		{B4628F6B-443D-4579-988D-27B7C22BB18C}.Release|x86.Build.0 = Release|Any CPU
		{CA3E7163-00BF-458E-9424-7D8A2B433FDF}.Debug|Any CPU.ActiveCfg = Debug|Any CPU
		{CA3E7163-00BF-458E-9424-7D8A2B433FDF}.Debug|Any CPU.Build.0 = Debug|Any CPU
		{CA3E7163-00BF-458E-9424-7D8A2B433FDF}.Debug|x64.ActiveCfg = Debug|Any CPU
		{CA3E7163-00BF-458E-9424-7D8A2B433FDF}.Debug|x64.Build.0 = Debug|Any CPU
		{CA3E7163-00BF-458E-9424-7D8A2B433FDF}.Debug|x86.ActiveCfg = Debug|Any CPU
		{CA3E7163-00BF-458E-9424-7D8A2B433FDF}.Debug|x86.Build.0 = Debug|Any CPU
		{CA3E7163-00BF-458E-9424-7D8A2B433FDF}.Release|Any CPU.ActiveCfg = Release|Any CPU
		{CA3E7163-00BF-458E-9424-7D8A2B433FDF}.Release|Any CPU.Build.0 = Release|Any CPU
		{CA3E7163-00BF-458E-9424-7D8A2B433FDF}.Release|x64.ActiveCfg = Release|Any CPU
		{CA3E7163-00BF-458E-9424-7D8A2B433FDF}.Release|x64.Build.0 = Release|Any CPU
		{CA3E7163-00BF-458E-9424-7D8A2B433FDF}.Release|x86.ActiveCfg = Release|Any CPU
		{CA3E7163-00BF-458E-9424-7D8A2B433FDF}.Release|x86.Build.0 = Release|Any CPU
		{D3D4F422-4A80-4F71-B192-38CDDE20C414}.Debug|Any CPU.ActiveCfg = Debug|Any CPU
		{D3D4F422-4A80-4F71-B192-38CDDE20C414}.Debug|Any CPU.Build.0 = Debug|Any CPU
		{D3D4F422-4A80-4F71-B192-38CDDE20C414}.Debug|x64.ActiveCfg = Debug|Any CPU
		{D3D4F422-4A80-4F71-B192-38CDDE20C414}.Debug|x64.Build.0 = Debug|Any CPU
		{D3D4F422-4A80-4F71-B192-38CDDE20C414}.Debug|x86.ActiveCfg = Debug|Any CPU
		{D3D4F422-4A80-4F71-B192-38CDDE20C414}.Debug|x86.Build.0 = Debug|Any CPU
		{D3D4F422-4A80-4F71-B192-38CDDE20C414}.Release|Any CPU.ActiveCfg = Release|Any CPU
		{D3D4F422-4A80-4F71-B192-38CDDE20C414}.Release|Any CPU.Build.0 = Release|Any CPU
		{D3D4F422-4A80-4F71-B192-38CDDE20C414}.Release|x64.ActiveCfg = Release|Any CPU
		{D3D4F422-4A80-4F71-B192-38CDDE20C414}.Release|x64.Build.0 = Release|Any CPU
		{D3D4F422-4A80-4F71-B192-38CDDE20C414}.Release|x86.ActiveCfg = Release|Any CPU
		{D3D4F422-4A80-4F71-B192-38CDDE20C414}.Release|x86.Build.0 = Release|Any CPU
		{A5FBA377-5932-4DF4-AA3C-10E64DF2A6E2}.Debug|Any CPU.ActiveCfg = Debug|Any CPU
		{A5FBA377-5932-4DF4-AA3C-10E64DF2A6E2}.Debug|Any CPU.Build.0 = Debug|Any CPU
		{A5FBA377-5932-4DF4-AA3C-10E64DF2A6E2}.Debug|x64.ActiveCfg = Debug|Any CPU
		{A5FBA377-5932-4DF4-AA3C-10E64DF2A6E2}.Debug|x64.Build.0 = Debug|Any CPU
		{A5FBA377-5932-4DF4-AA3C-10E64DF2A6E2}.Debug|x86.ActiveCfg = Debug|Any CPU
		{A5FBA377-5932-4DF4-AA3C-10E64DF2A6E2}.Debug|x86.Build.0 = Debug|Any CPU
		{A5FBA377-5932-4DF4-AA3C-10E64DF2A6E2}.Release|Any CPU.ActiveCfg = Release|Any CPU
		{A5FBA377-5932-4DF4-AA3C-10E64DF2A6E2}.Release|Any CPU.Build.0 = Release|Any CPU
		{A5FBA377-5932-4DF4-AA3C-10E64DF2A6E2}.Release|x64.ActiveCfg = Release|Any CPU
		{A5FBA377-5932-4DF4-AA3C-10E64DF2A6E2}.Release|x64.Build.0 = Release|Any CPU
		{A5FBA377-5932-4DF4-AA3C-10E64DF2A6E2}.Release|x86.ActiveCfg = Release|Any CPU
		{A5FBA377-5932-4DF4-AA3C-10E64DF2A6E2}.Release|x86.Build.0 = Release|Any CPU
	EndGlobalSection
	GlobalSection(SolutionProperties) = preSolution
		HideSolutionNode = FALSE
	EndGlobalSection
	GlobalSection(NestedProjects) = preSolution
		{CD7B2CBB-4A13-4B92-9E6D-9B012F38F8F4} = {827E0CD3-B72D-47B6-A68D-7590B98EB39B}
		{027909E8-1791-4D9E-88E5-A6A9E5D9B054} = {827E0CD3-B72D-47B6-A68D-7590B98EB39B}
		{B4628F6B-443D-4579-988D-27B7C22BB18C} = {827E0CD3-B72D-47B6-A68D-7590B98EB39B}
		{CA3E7163-00BF-458E-9424-7D8A2B433FDF} = {827E0CD3-B72D-47B6-A68D-7590B98EB39B}
		{D3D4F422-4A80-4F71-B192-38CDDE20C414} = {0AB3BF05-4346-4AA6-1389-037BE0695223}
		{A5FBA377-5932-4DF4-AA3C-10E64DF2A6E2} = {0AB3BF05-4346-4AA6-1389-037BE0695223}
	EndGlobalSection
EndGlobal
