
Microsoft Visual Studio Solution File, Format Version 12.00
# Visual Studio Version 17
VisualStudioVersion = 17.0.31903.59
MinimumVisualStudioVersion = 10.0.40219.1
Project("{FAE04EC0-301F-11D3-BF4B-00C04F79EFBC}") = "SistemaBancario.Dominio", "SistemaBancario.Dominio\SistemaBancario.Dominio.csproj", "{C0B3A968-3FA6-4CFB-8901-575721B1AD72}"
EndProject
Project("{FAE04EC0-301F-11D3-BF4B-00C04F79EFBC}") = "SistemaBancario.Api", "SistemaBancario.Api\SistemaBancario.Api.csproj", "{816CB1B3-E617-4CC0-A896-4F67B0FCD45E}"
EndProject
Project("{FAE04EC0-301F-11D3-BF4B-00C04F79EFBC}") = "SistemaBancario.Infraestrutura", "SistemaBancario.Infraestrutura\SistemaBancario.Infraestrutura.csproj", "{7AC99672-4B4A-4374-BB83-DA6A73FCFA58}"
EndProject
Project("{FAE04EC0-301F-11D3-BF4B-00C04F79EFBC}") = "SistemaBancario.Aplicacao", "SistemaBancario.Aplicacao\SistemaBancario.Aplicacao.csproj", "{26DEE492-AB7A-4D75-AF78-BE0AA4833849}"
EndProject
Project("{FAE04EC0-301F-11D3-BF4B-00C04F79EFBC}") = "SistemaBancario.Dominio.Tests", "SistemaBancario.Dominio.Tests\SistemaBancario.Dominio.Tests.csproj", "{B2191EDD-3488-49A3-8B99-FC26E46EA694}"
EndProject
Project("{FAE04EC0-301F-11D3-BF4B-00C04F79EFBC}") = "SistemaBancario.Aplicacao.Tests", "SistemaBancario.Aplicacao.Tests\SistemaBancario.Aplicacao.Tests.csproj", "{8B59BDD4-B3A1-4113-860D-01F77D08F3B7}"
EndProject
Project("{FAE04EC0-301F-11D3-BF4B-00C04F79EFBC}") = "SistemaBancario.Api.Tests", "SistemaBancario.Api.Tests\SistemaBancario.Api.Tests.csproj", "{7FBD4868-27EA-4B09-B5B9-D709AE66E3DB}"
EndProject
Global
	GlobalSection(SolutionConfigurationPlatforms) = preSolution
		Debug|Any CPU = Debug|Any CPU
		Debug|x64 = Debug|x64
		Debug|x86 = Debug|x86
		Release|Any CPU = Release|Any CPU
		Release|x64 = Release|x64
		Release|x86 = Release|x86
	EndGlobalSection
	GlobalSection(ProjectConfigurationPlatforms) = postSolution
		{C0B3A968-3FA6-4CFB-8901-575721B1AD72}.Debug|Any CPU.ActiveCfg = Debug|Any CPU
		{C0B3A968-3FA6-4CFB-8901-575721B1AD72}.Debug|Any CPU.Build.0 = Debug|Any CPU
		{C0B3A968-3FA6-4CFB-8901-575721B1AD72}.Debug|x64.ActiveCfg = Debug|Any CPU
		{C0B3A968-3FA6-4CFB-8901-575721B1AD72}.Debug|x64.Build.0 = Debug|Any CPU
		{C0B3A968-3FA6-4CFB-8901-575721B1AD72}.Debug|x86.ActiveCfg = Debug|Any CPU
		{C0B3A968-3FA6-4CFB-8901-575721B1AD72}.Debug|x86.Build.0 = Debug|Any CPU
		{C0B3A968-3FA6-4CFB-8901-575721B1AD72}.Release|Any CPU.ActiveCfg = Release|Any CPU
		{C0B3A968-3FA6-4CFB-8901-575721B1AD72}.Release|Any CPU.Build.0 = Release|Any CPU
		{C0B3A968-3FA6-4CFB-8901-575721B1AD72}.Release|x64.ActiveCfg = Release|Any CPU
		{C0B3A968-3FA6-4CFB-8901-575721B1AD72}.Release|x64.Build.0 = Release|Any CPU
		{C0B3A968-3FA6-4CFB-8901-575721B1AD72}.Release|x86.ActiveCfg = Release|Any CPU
		{C0B3A968-3FA6-4CFB-8901-575721B1AD72}.Release|x86.Build.0 = Release|Any CPU
		{816CB1B3-E617-4CC0-A896-4F67B0FCD45E}.Debug|Any CPU.ActiveCfg = Debug|Any CPU
		{816CB1B3-E617-4CC0-A896-4F67B0FCD45E}.Debug|Any CPU.Build.0 = Debug|Any CPU
		{816CB1B3-E617-4CC0-A896-4F67B0FCD45E}.Debug|x64.ActiveCfg = Debug|Any CPU
		{816CB1B3-E617-4CC0-A896-4F67B0FCD45E}.Debug|x64.Build.0 = Debug|Any CPU
		{816CB1B3-E617-4CC0-A896-4F67B0FCD45E}.Debug|x86.ActiveCfg = Debug|Any CPU
		{816CB1B3-E617-4CC0-A896-4F67B0FCD45E}.Debug|x86.Build.0 = Debug|Any CPU
		{816CB1B3-E617-4CC0-A896-4F67B0FCD45E}.Release|Any CPU.ActiveCfg = Release|Any CPU
		{816CB1B3-E617-4CC0-A896-4F67B0FCD45E}.Release|Any CPU.Build.0 = Release|Any CPU
		{816CB1B3-E617-4CC0-A896-4F67B0FCD45E}.Release|x64.ActiveCfg = Release|Any CPU
		{816CB1B3-E617-4CC0-A896-4F67B0FCD45E}.Release|x64.Build.0 = Release|Any CPU
		{816CB1B3-E617-4CC0-A896-4F67B0FCD45E}.Release|x86.ActiveCfg = Release|Any CPU
		{816CB1B3-E617-4CC0-A896-4F67B0FCD45E}.Release|x86.Build.0 = Release|Any CPU
		{7AC99672-4B4A-4374-BB83-DA6A73FCFA58}.Debug|Any CPU.ActiveCfg = Debug|Any CPU
		{7AC99672-4B4A-4374-BB83-DA6A73FCFA58}.Debug|Any CPU.Build.0 = Debug|Any CPU
		{7AC99672-4B4A-4374-BB83-DA6A73FCFA58}.Debug|x64.ActiveCfg = Debug|Any CPU
		{7AC99672-4B4A-4374-BB83-DA6A73FCFA58}.Debug|x64.Build.0 = Debug|Any CPU
		{7AC99672-4B4A-4374-BB83-DA6A73FCFA58}.Debug|x86.ActiveCfg = Debug|Any CPU
		{7AC99672-4B4A-4374-BB83-DA6A73FCFA58}.Debug|x86.Build.0 = Debug|Any CPU
		{7AC99672-4B4A-4374-BB83-DA6A73FCFA58}.Release|Any CPU.ActiveCfg = Release|Any CPU
		{7AC99672-4B4A-4374-BB83-DA6A73FCFA58}.Release|Any CPU.Build.0 = Release|Any CPU
		{7AC99672-4B4A-4374-BB83-DA6A73FCFA58}.Release|x64.ActiveCfg = Release|Any CPU
		{7AC99672-4B4A-4374-BB83-DA6A73FCFA58}.Release|x64.Build.0 = Release|Any CPU
		{7AC99672-4B4A-4374-BB83-DA6A73FCFA58}.Release|x86.ActiveCfg = Release|Any CPU
		{7AC99672-4B4A-4374-BB83-DA6A73FCFA58}.Release|x86.Build.0 = Release|Any CPU
		{26DEE492-AB7A-4D75-AF78-BE0AA4833849}.Debug|Any CPU.ActiveCfg = Debug|Any CPU
		{26DEE492-AB7A-4D75-AF78-BE0AA4833849}.Debug|Any CPU.Build.0 = Debug|Any CPU
		{26DEE492-AB7A-4D75-AF78-BE0AA4833849}.Debug|x64.ActiveCfg = Debug|Any CPU
		{26DEE492-AB7A-4D75-AF78-BE0AA4833849}.Debug|x64.Build.0 = Debug|Any CPU
		{26DEE492-AB7A-4D75-AF78-BE0AA4833849}.Debug|x86.ActiveCfg = Debug|Any CPU
		{26DEE492-AB7A-4D75-AF78-BE0AA4833849}.Debug|x86.Build.0 = Debug|Any CPU
		{26DEE492-AB7A-4D75-AF78-BE0AA4833849}.Release|Any CPU.ActiveCfg = Release|Any CPU
		{26DEE492-AB7A-4D75-AF78-BE0AA4833849}.Release|Any CPU.Build.0 = Release|Any CPU
		{26DEE492-AB7A-4D75-AF78-BE0AA4833849}.Release|x64.ActiveCfg = Release|Any CPU
		{26DEE492-AB7A-4D75-AF78-BE0AA4833849}.Release|x64.Build.0 = Release|Any CPU
		{26DEE492-AB7A-4D75-AF78-BE0AA4833849}.Release|x86.ActiveCfg = Release|Any CPU
		{26DEE492-AB7A-4D75-AF78-BE0AA4833849}.Release|x86.Build.0 = Release|Any CPU
		{B2191EDD-3488-49A3-8B99-FC26E46EA694}.Debug|Any CPU.ActiveCfg = Debug|Any CPU
		{B2191EDD-3488-49A3-8B99-FC26E46EA694}.Debug|Any CPU.Build.0 = Debug|Any CPU
		{B2191EDD-3488-49A3-8B99-FC26E46EA694}.Debug|x64.ActiveCfg = Debug|Any CPU
		{B2191EDD-3488-49A3-8B99-FC26E46EA694}.Debug|x64.Build.0 = Debug|Any CPU
		{B2191EDD-3488-49A3-8B99-FC26E46EA694}.Debug|x86.ActiveCfg = Debug|Any CPU
		{B2191EDD-3488-49A3-8B99-FC26E46EA694}.Debug|x86.Build.0 = Debug|Any CPU
		{B2191EDD-3488-49A3-8B99-FC26E46EA694}.Release|Any CPU.ActiveCfg = Release|Any CPU
		{B2191EDD-3488-49A3-8B99-FC26E46EA694}.Release|Any CPU.Build.0 = Release|Any CPU
		{B2191EDD-3488-49A3-8B99-FC26E46EA694}.Release|x64.ActiveCfg = Release|Any CPU
		{B2191EDD-3488-49A3-8B99-FC26E46EA694}.Release|x64.Build.0 = Release|Any CPU
		{B2191EDD-3488-49A3-8B99-FC26E46EA694}.Release|x86.ActiveCfg = Release|Any CPU
		{B2191EDD-3488-49A3-8B99-FC26E46EA694}.Release|x86.Build.0 = Release|Any CPU
		{8B59BDD4-B3A1-4113-860D-01F77D08F3B7}.Debug|Any CPU.ActiveCfg = Debug|Any CPU
		{8B59BDD4-B3A1-4113-860D-01F77D08F3B7}.Debug|Any CPU.Build.0 = Debug|Any CPU
		{8B59BDD4-B3A1-4113-860D-01F77D08F3B7}.Debug|x64.ActiveCfg = Debug|Any CPU
		{8B59BDD4-B3A1-4113-860D-01F77D08F3B7}.Debug|x64.Build.0 = Debug|Any CPU
		{8B59BDD4-B3A1-4113-860D-01F77D08F3B7}.Debug|x86.ActiveCfg = Debug|Any CPU
		{8B59BDD4-B3A1-4113-860D-01F77D08F3B7}.Debug|x86.Build.0 = Debug|Any CPU
		{8B59BDD4-B3A1-4113-860D-01F77D08F3B7}.Release|Any CPU.ActiveCfg = Release|Any CPU
		{8B59BDD4-B3A1-4113-860D-01F77D08F3B7}.Release|Any CPU.Build.0 = Release|Any CPU
		{8B59BDD4-B3A1-4113-860D-01F77D08F3B7}.Release|x64.ActiveCfg = Release|Any CPU
		{8B59BDD4-B3A1-4113-860D-01F77D08F3B7}.Release|x64.Build.0 = Release|Any CPU
		{8B59BDD4-B3A1-4113-860D-01F77D08F3B7}.Release|x86.ActiveCfg = Release|Any CPU
		{8B59BDD4-B3A1-4113-860D-01F77D08F3B7}.Release|x86.Build.0 = Release|Any CPU
		{7FBD4868-27EA-4B09-B5B9-D709AE66E3DB}.Debug|Any CPU.ActiveCfg = Debug|Any CPU
		{7FBD4868-27EA-4B09-B5B9-D709AE66E3DB}.Debug|Any CPU.Build.0 = Debug|Any CPU
		{7FBD4868-27EA-4B09-B5B9-D709AE66E3DB}.Debug|x64.ActiveCfg = Debug|Any CPU
		{7FBD4868-27EA-4B09-B5B9-D709AE66E3DB}.Debug|x64.Build.0 = Debug|Any CPU
		{7FBD4868-27EA-4B09-B5B9-D709AE66E3DB}.Debug|x86.ActiveCfg = Debug|Any CPU
		{7FBD4868-27EA-4B09-B5B9-D709AE66E3DB}.Debug|x86.Build.0 = Debug|Any CPU
		{7FBD4868-27EA-4B09-B5B9-D709AE66E3DB}.Release|Any CPU.ActiveCfg = Release|Any CPU
		{7FBD4868-27EA-4B09-B5B9-D709AE66E3DB}.Release|Any CPU.Build.0 = Release|Any CPU
		{7FBD4868-27EA-4B09-B5B9-D709AE66E3DB}.Release|x64.ActiveCfg = Release|Any CPU
		{7FBD4868-27EA-4B09-B5B9-D709AE66E3DB}.Release|x64.Build.0 = Release|Any CPU
		{7FBD4868-27EA-4B09-B5B9-D709AE66E3DB}.Release|x86.ActiveCfg = Release|Any CPU
		{7FBD4868-27EA-4B09-B5B9-D709AE66E3DB}.Release|x86.Build.0 = Release|Any CPU
	EndGlobalSection
	GlobalSection(SolutionProperties) = preSolution
		HideSolutionNode = FALSE
	EndGlobalSection
EndGlobal
